// !$*UTF8*$!
{
	archiveVersion = 1;
	classes = {
	};
	objectVersion = 50;
	objects = {

/* Begin PBXBuildFile section */
		551166C42A30FF37002A7C63 /* mancalaApp.swift in Sources */ = {isa = PBXBuildFile; fileRef = 551166C32A30FF37002A7C63 /* mancalaApp.swift */; };
		551166C62A30FF37002A7C63 /* ContentView.swift in Sources */ = {isa = PBXBuildFile; fileRef = 551166C52A30FF37002A7C63 /* ContentView.swift */; };
		551166C82A30FF3F002A7C63 /* Assets.xcassets in Resources */ = {isa = PBXBuildFile; fileRef = 551166C72A30FF3F002A7C63 /* Assets.xcassets */; };
		551166CB2A30FF3F002A7C63 /* Preview Assets.xcassets in Resources */ = {isa = PBXBuildFile; fileRef = 551166CA2A30FF3F002A7C63 /* Preview Assets.xcassets */; };
		551166D42A30FF8A002A7C63 /* sound.swift in Sources */ = {isa = PBXBuildFile; fileRef = 551166D32A30FF8A002A7C63 /* sound.swift */; };
		551166D72A30FFAC002A7C63 /* AIView.swift in Sources */ = {isa = PBXBuildFile; fileRef = 551166D62A30FFAC002A7C63 /* AIView.swift */; };
		551166DA2A30FFC9002A7C63 /* HowView.swift in Sources */ = {isa = PBXBuildFile; fileRef = 551166D92A30FFC9002A7C63 /* HowView.swift */; };
		551166DD2A30FFEA002A7C63 /* playView.swift in Sources */ = {isa = PBXBuildFile; fileRef = 551166DC2A30FFEA002A7C63 /* playView.swift */; };
		551166E12A310109002A7C63 /* test.swift in Sources */ = {isa = PBXBuildFile; fileRef = 551166E02A310109002A7C63 /* test.swift */; };
		551166EF2A310251002A7C63 /* background.mp3 in Resources */ = {isa = PBXBuildFile; fileRef = 551166ED2A310251002A7C63 /* background.mp3 */; };
		551166F02A310251002A7C63 /* buttonClick.mp3 in Resources */ = {isa = PBXBuildFile; fileRef = 551166EE2A310251002A7C63 /* buttonClick.mp3 */; };
/* End PBXBuildFile section */

/* Begin PBXFileReference section */
		551166C02A30FF37002A7C63 /* mancala.app */ = {isa = PBXFileReference; explicitFileType = wrapper.application; includeInIndex = 0; path = mancala.app; sourceTree = BUILT_PRODUCTS_DIR; };
		551166C32A30FF37002A7C63 /* mancalaApp.swift */ = {isa = PBXFileReference; lastKnownFileType = sourcecode.swift; path = mancalaApp.swift; sourceTree = "<group>"; };
		551166C52A30FF37002A7C63 /* ContentView.swift */ = {isa = PBXFileReference; lastKnownFileType = sourcecode.swift; path = ContentView.swift; sourceTree = "<group>"; };
		551166C72A30FF3F002A7C63 /* Assets.xcassets */ = {isa = PBXFileReference; lastKnownFileType = folder.assetcatalog; path = Assets.xcassets; sourceTree = "<group>"; };
		551166CA2A30FF3F002A7C63 /* Preview Assets.xcassets */ = {isa = PBXFileReference; lastKnownFileType = folder.assetcatalog; path = "Preview Assets.xcassets"; sourceTree = "<group>"; };
		551166CC2A30FF3F002A7C63 /* Info.plist */ = {isa = PBXFileReference; lastKnownFileType = text.plist.xml; path = Info.plist; sourceTree = "<group>"; };
		551166D32A30FF8A002A7C63 /* sound.swift */ = {isa = PBXFileReference; lastKnownFileType = sourcecode.swift; path = sound.swift; sourceTree = "<group>"; };
		551166D62A30FFAC002A7C63 /* AIView.swift */ = {isa = PBXFileReference; lastKnownFileType = sourcecode.swift; path = AIView.swift; sourceTree = "<group>"; };
		551166D92A30FFC9002A7C63 /* HowView.swift */ = {isa = PBXFileReference; lastKnownFileType = sourcecode.swift; path = HowView.swift; sourceTree = "<group>"; };
		551166DC2A30FFEA002A7C63 /* playView.swift */ = {isa = PBXFileReference; lastKnownFileType = sourcecode.swift; path = playView.swift; sourceTree = "<group>"; };
		551166E02A310109002A7C63 /* test.swift */ = {isa = PBXFileReference; lastKnownFileType = sourcecode.swift; path = test.swift; sourceTree = "<group>"; };
		551166ED2A310251002A7C63 /* background.mp3 */ = {isa = PBXFileReference; lastKnownFileType = audio.mp3; path = background.mp3; sourceTree = "<group>"; };
		551166EE2A310251002A7C63 /* buttonClick.mp3 */ = {isa = PBXFileReference; lastKnownFileType = audio.mp3; path = buttonClick.mp3; sourceTree = "<group>"; };
/* End PBXFileReference section */

/* Begin PBXFrameworksBuildPhase section */
		551166BD2A30FF37002A7C63 /* Frameworks */ = {
			isa = PBXFrameworksBuildPhase;
			buildActionMask = 2147483647;
			files = (
			);
			runOnlyForDeploymentPostprocessing = 0;
		};
/* End PBXFrameworksBuildPhase section */

/* Begin PBXGroup section */
		551166B72A30FF37002A7C63 = {
			isa = PBXGroup;
			children = (
				551166C22A30FF37002A7C63 /* mancala */,
				551166C12A30FF37002A7C63 /* Products */,
			);
			sourceTree = "<group>";
		};
		551166C12A30FF37002A7C63 /* Products */ = {
			isa = PBXGroup;
			children = (
				551166C02A30FF37002A7C63 /* mancala.app */,
			);
			name = Products;
			sourceTree = "<group>";
		};
		551166C22A30FF37002A7C63 /* mancala */ = {
			isa = PBXGroup;
			children = (
				551166E42A3101B7002A7C63 /* Resources */,
				551166C32A30FF37002A7C63 /* mancalaApp.swift */,
				551166C52A30FF37002A7C63 /* ContentView.swift */,
				551166D32A30FF8A002A7C63 /* sound.swift */,
				551166D62A30FFAC002A7C63 /* AIView.swift */,
				551166D92A30FFC9002A7C63 /* HowView.swift */,
				551166DC2A30FFEA002A7C63 /* playView.swift */,
				551166E02A310109002A7C63 /* test.swift */,
				551166C72A30FF3F002A7C63 /* Assets.xcassets */,
				551166CC2A30FF3F002A7C63 /* Info.plist */,
				551166C92A30FF3F002A7C63 /* Preview Content */,
			);
			path = mancala;
			sourceTree = "<group>";
		};
		551166C92A30FF3F002A7C63 /* Preview Content */ = {
			isa = PBXGroup;
			children = (
				551166CA2A30FF3F002A7C63 /* Preview Assets.xcassets */,
			);
			path = "Preview Content";
			sourceTree = "<group>";
		};
		551166E42A3101B7002A7C63 /* Resources */ = {
			isa = PBXGroup;
			children = (
				551166ED2A310251002A7C63 /* background.mp3 */,
				551166EE2A310251002A7C63 /* buttonClick.mp3 */,
			);
			path = Resources;
			sourceTree = "<group>";
		};
/* End PBXGroup section */

/* Begin PBXNativeTarget section */
		551166BF2A30FF37002A7C63 /* mancala */ = {
			isa = PBXNativeTarget;
			buildConfigurationList = 551166CF2A30FF3F002A7C63 /* Build configuration list for PBXNativeTarget "mancala" */;
			buildPhases = (
				551166BC2A30FF37002A7C63 /* Sources */,
				551166BD2A30FF37002A7C63 /* Frameworks */,
				551166BE2A30FF37002A7C63 /* Resources */,
			);
			buildRules = (
			);
			dependencies = (
			);
			name = mancala;
			productName = mancala;
			productReference = 551166C02A30FF37002A7C63 /* mancala.app */;
			productType = "com.apple.product-type.application";
		};
/* End PBXNativeTarget section */

/* Begin PBXProject section */
		551166B82A30FF37002A7C63 /* Project object */ = {
			isa = PBXProject;
			attributes = {
				LastSwiftUpdateCheck = 1240;
				LastUpgradeCheck = 1240;
				TargetAttributes = {
					551166BF2A30FF37002A7C63 = {
						CreatedOnToolsVersion = 12.4;
					};
				};
			};
			buildConfigurationList = 551166BB2A30FF37002A7C63 /* Build configuration list for PBXProject "mancala" */;
			compatibilityVersion = "Xcode 9.3";
			developmentRegion = en;
			hasScannedForEncodings = 0;
			knownRegions = (
				en,
				Base,
			);
			mainGroup = 551166B72A30FF37002A7C63;
			productRefGroup = 551166C12A30FF37002A7C63 /* Products */;
			projectDirPath = "";
			projectRoot = "";
			targets = (
				551166BF2A30FF37002A7C63 /* mancala */,
			);
		};
/* End PBXProject section */

/* Begin PBXResourcesBuildPhase section */
		551166BE2A30FF37002A7C63 /* Resources */ = {
			isa = PBXResourcesBuildPhase;
			buildActionMask = 2147483647;
			files = (
				551166CB2A30FF3F002A7C63 /* Preview Assets.xcassets in Resources */,
				551166EF2A310251002A7C63 /* background.mp3 in Resources */,
				551166C82A30FF3F002A7C63 /* Assets.xcassets in Resources */,
				551166F02A310251002A7C63 /* buttonClick.mp3 in Resources */,
			);
			runOnlyForDeploymentPostprocessing = 0;
		};
/* End PBXResourcesBuildPhase section */

/* Begin PBXSourcesBuildPhase section */
		551166BC2A30FF37002A7C63 /* Sources */ = {
			isa = PBXSourcesBuildPhase;
			buildActionMask = 2147483647;
			files = (
				551166D72A30FFAC002A7C63 /* AIView.swift in Sources */,
				551166C62A30FF37002A7C63 /* ContentView.swift in Sources */,
				551166DD2A30FFEA002A7C63 /* playView.swift in Sources */,
				551166DA2A30FFC9002A7C63 /* HowView.swift in Sources */,
				551166C42A30FF37002A7C63 /* mancalaApp.swift in Sources */,
				551166D42A30FF8A002A7C63 /* sound.swift in Sources */,
				551166E12A310109002A7C63 /* test.swift in Sources */,
			);
			runOnlyForDeploymentPostprocessing = 0;
		};
/* End PBXSourcesBuildPhase section */

/* Begin XCBuildConfiguration section */
		551166CD2A30FF3F002A7C63 /* Debug */ = {
			isa = XCBuildConfiguration;
			buildSettings = {
				ALWAYS_SEARCH_USER_PATHS = NO;
				CLANG_ANALYZER_NONNULL = YES;
				CLANG_ANALYZER_NUMBER_OBJECT_CONVERSION = YES_AGGRESSIVE;
				CLANG_CXX_LANGUAGE_STANDARD = "gnu++14";
				CLANG_CXX_LIBRARY = "libc++";
				CLANG_ENABLE_MODULES = YES;
				CLANG_ENABLE_OBJC_ARC = YES;
				CLANG_ENABLE_OBJC_WEAK = YES;
				CLANG_WARN_BLOCK_CAPTURE_AUTORELEASING = YES;
				CLANG_WARN_BOOL_CONVERSION = YES;
				CLANG_WARN_COMMA = YES;
				CLANG_WARN_CONSTANT_CONVERSION = YES;
				CLANG_WARN_DEPRECATED_OBJC_IMPLEMENTATIONS = YES;
				CLANG_WARN_DIRECT_OBJC_ISA_USAGE = YES_ERROR;
				CLANG_WARN_DOCUMENTATION_COMMENTS = YES;
				CLANG_WARN_EMPTY_BODY = YES;
				CLANG_WARN_ENUM_CONVERSION = YES;
				CLANG_WARN_INFINITE_RECURSION = YES;
				CLANG_WARN_INT_CONVERSION = YES;
				CLANG_WARN_NON_LITERAL_NULL_CONVERSION = YES;
				CLANG_WARN_OBJC_IMPLICIT_RETAIN_SELF = YES;
				CLANG_WARN_OBJC_LITERAL_CONVERSION = YES;
				CLANG_WARN_OBJC_ROOT_CLASS = YES_ERROR;
				CLANG_WARN_QUOTED_INCLUDE_IN_FRAMEWORK_HEADER = YES;
				CLANG_WARN_RANGE_LOOP_ANALYSIS = YES;
				CLANG_WARN_STRICT_PROTOTYPES = YES;
				CLANG_WARN_SUSPICIOUS_MOVE = YES;
				CLANG_WARN_UNGUARDED_AVAILABILITY = YES_AGGRESSIVE;
				CLANG_WARN_UNREACHABLE_CODE = YES;
				CLANG_WARN__DUPLICATE_METHOD_MATCH = YES;
				COPY_PHASE_STRIP = NO;
				DEBUG_INFORMATION_FORMAT = dwarf;
				ENABLE_STRICT_OBJC_MSGSEND = YES;
				ENABLE_TESTABILITY = YES;
				GCC_C_LANGUAGE_STANDARD = gnu11;
				GCC_DYNAMIC_NO_PIC = NO;
				GCC_NO_COMMON_BLOCKS = YES;
				GCC_OPTIMIZATION_LEVEL = 0;
				GCC_PREPROCESSOR_DEFINITIONS = (
					"DEBUG=1",
					"$(inherited)",
				);
				GCC_WARN_64_TO_32_BIT_CONVERSION = YES;
				GCC_WARN_ABOUT_RETURN_TYPE = YES_ERROR;
				GCC_WARN_UNDECLARED_SELECTOR = YES;
				GCC_WARN_UNINITIALIZED_AUTOS = YES_AGGRESSIVE;
				GCC_WARN_UNUSED_FUNCTION = YES;
				GCC_WARN_UNUSED_VARIABLE = YES;
				IPHONEOS_DEPLOYMENT_TARGET = 14.4;
				MTL_ENABLE_DEBUG_INFO = INCLUDE_SOURCE;
				MTL_FAST_MATH = YES;
				ONLY_ACTIVE_ARCH = YES;
				SDKROOT = iphoneos;
				SWIFT_ACTIVE_COMPILATION_CONDITIONS = DEBUG;
				SWIFT_OPTIMIZATION_LEVEL = "-Onone";
			};
			name = Debug;
		};
		551166CE2A30FF3F002A7C63 /* Release */ = {
			isa = XCBuildConfiguration;
			buildSettings = {
				ALWAYS_SEARCH_USER_PATHS = NO;
				CLANG_ANALYZER_NONNULL = YES;
				CLANG_ANALYZER_NUMBER_OBJECT_CONVERSION = YES_AGGRESSIVE;
				CLANG_CXX_LANGUAGE_STANDARD = "gnu++14";
				CLANG_CXX_LIBRARY = "libc++";
				CLANG_ENABLE_MODULES = YES;
				CLANG_ENABLE_OBJC_ARC = YES;
				CLANG_ENABLE_OBJC_WEAK = YES;
				CLANG_WARN_BLOCK_CAPTURE_AUTORELEASING = YES;
				CLANG_WARN_BOOL_CONVERSION = YES;
				CLANG_WARN_COMMA = YES;
				CLANG_WARN_CONSTANT_CONVERSION = YES;
				CLANG_WARN_DEPRECATED_OBJC_IMPLEMENTATIONS = YES;
				CLANG_WARN_DIRECT_OBJC_ISA_USAGE = YES_ERROR;
				CLANG_WARN_DOCUMENTATION_COMMENTS = YES;
				CLANG_WARN_EMPTY_BODY = YES;
				CLANG_WARN_ENUM_CONVERSION = YES;
				CLANG_WARN_INFINITE_RECURSION = YES;
				CLANG_WARN_INT_CONVERSION = YES;
				CLANG_WARN_NON_LITERAL_NULL_CONVERSION = YES;
				CLANG_WARN_OBJC_IMPLICIT_RETAIN_SELF = YES;
				CLANG_WARN_OBJC_LITERAL_CONVERSION = YES;
				CLANG_WARN_OBJC_ROOT_CLASS = YES_ERROR;
				CLANG_WARN_QUOTED_INCLUDE_IN_FRAMEWORK_HEADER = YES;
				CLANG_WARN_RANGE_LOOP_ANALYSIS = YES;
				CLANG_WARN_STRICT_PROTOTYPES = YES;
				CLANG_WARN_SUSPICIOUS_MOVE = YES;
				CLANG_WARN_UNGUARDED_AVAILABILITY = YES_AGGRESSIVE;
				CLANG_WARN_UNREACHABLE_CODE = YES;
				CLANG_WARN__DUPLICATE_METHOD_MATCH = YES;
				COPY_PHASE_STRIP = NO;
				DEBUG_INFORMATION_FORMAT = "dwarf-with-dsym";
				ENABLE_NS_ASSERTIONS = NO;
				ENABLE_STRICT_OBJC_MSGSEND = YES;
				GCC_C_LANGUAGE_STANDARD = gnu11;
				GCC_NO_COMMON_BLOCKS = YES;
				GCC_WARN_64_TO_32_BIT_CONVERSION = YES;
				GCC_WARN_ABOUT_RETURN_TYPE = YES_ERROR;
				GCC_WARN_UNDECLARED_SELECTOR = YES;
				GCC_WARN_UNINITIALIZED_AUTOS = YES_AGGRESSIVE;
				GCC_WARN_UNUSED_FUNCTION = YES;
				GCC_WARN_UNUSED_VARIABLE = YES;
				IPHONEOS_DEPLOYMENT_TARGET = 14.4;
				MTL_ENABLE_DEBUG_INFO = NO;
				MTL_FAST_MATH = YES;
				SDKROOT = iphoneos;
				SWIFT_COMPILATION_MODE = wholemodule;
				SWIFT_OPTIMIZATION_LEVEL = "-O";
				VALIDATE_PRODUCT = YES;
			};
			name = Release;
		};
		551166D02A30FF3F002A7C63 /* Debug */ = {
			isa = XCBuildConfiguration;
			buildSettings = {
				ASSETCATALOG_COMPILER_APPICON_NAME = AppIcon;
				ASSETCATALOG_COMPILER_GLOBAL_ACCENT_COLOR_NAME = AccentColor;
				CODE_SIGN_STYLE = Automatic;
				DEVELOPMENT_ASSET_PATHS = "\"mancala/Preview Content\"";
				ENABLE_PREVIEWS = YES;
				INFOPLIST_FILE = mancala/Info.plist;
				IPHONEOS_DEPLOYMENT_TARGET = 14.0;
				LD_RUNPATH_SEARCH_PATHS = (
					"$(inherited)",
					"@executable_path/Frameworks",
				);
				PRODUCT_BUNDLE_IDENTIFIER = ntou.mancala;
				PRODUCT_NAME = "$(TARGET_NAME)";
				SWIFT_VERSION = 5.0;
				TARGETED_DEVICE_FAMILY = "1,2";
			};
			name = Debug;
		};
		551166D12A30FF3F002A7C63 /* Release */ = {
			isa = XCBuildConfiguration;
			buildSettings = {
				ASSETCATALOG_COMPILER_APPICON_NAME = AppIcon;
				ASSETCATALOG_COMPILER_GLOBAL_ACCENT_COLOR_NAME = AccentColor;
				CODE_SIGN_STYLE = Automatic;
				DEVELOPMENT_ASSET_PATHS = "\"mancala/Preview Content\"";
				ENABLE_PREVIEWS = YES;
				INFOPLIST_FILE = mancala/Info.plist;
				IPHONEOS_DEPLOYMENT_TARGET = 14.0;
				LD_RUNPATH_SEARCH_PATHS = (
					"$(inherited)",
					"@executable_path/Frameworks",
				);
				PRODUCT_BUNDLE_IDENTIFIER = ntou.mancala;
				PRODUCT_NAME = "$(TARGET_NAME)";
				SWIFT_VERSION = 5.0;
				TARGETED_DEVICE_FAMILY = "1,2";
			};
			name = Release;
		};
/* End XCBuildConfiguration section */

/* Begin XCConfigurationList section */
		551166BB2A30FF37002A7C63 /* Build configuration list for PBXProject "mancala" */ = {
			isa = XCConfigurationList;
			buildConfigurations = (
				551166CD2A30FF3F002A7C63 /* Debug */,
				551166CE2A30FF3F002A7C63 /* Release */,
			);
			defaultConfigurationIsVisible = 0;
			defaultConfigurationName = Release;
		};
		551166CF2A30FF3F002A7C63 /* Build configuration list for PBXNativeTarget "mancala" */ = {
			isa = XCConfigurationList;
			buildConfigurations = (
				551166D02A30FF3F002A7C63 /* Debug */,
				551166D12A30FF3F002A7C63 /* Release */,
			);
			defaultConfigurationIsVisible = 0;
			defaultConfigurationName = Release;
		};
/* End XCConfigurationList section */
	};
	rootObject = 551166B82A30FF37002A7C63 /* Project object */;
}
